// !$*UTF8*$!
{
	archiveVersion = 1;
	classes = {
	};
	objectVersion = 50;
	objects = {

/* Begin PBXBuildFile section */
		8491B5E62394A80000642EF9 /* ExploreData.plist in Resources */ = {isa = PBXBuildFile; fileRef = 8491B5E52394A80000642EF9 /* ExploreData.plist */; };
		8491B5E82394A85400642EF9 /* ExploreItem.swift in Sources */ = {isa = PBXBuildFile; fileRef = 8491B5E72394A85400642EF9 /* ExploreItem.swift */; };
		8491B5EA2394AA2200642EF9 /* ExploreDataManager.swift in Sources */ = {isa = PBXBuildFile; fileRef = 8491B5E92394AA2200642EF9 /* ExploreDataManager.swift */; };
		8491B5ED2394ACA600642EF9 /* ExploreCell.swift in Sources */ = {isa = PBXBuildFile; fileRef = 8491B5EC2394ACA600642EF9 /* ExploreCell.swift */; };
		84C54DEB238EB08700D7C4A7 /* AppDelegate.swift in Sources */ = {isa = PBXBuildFile; fileRef = 84C54DEA238EB08700D7C4A7 /* AppDelegate.swift */; };
		84C54DED238EB08700D7C4A7 /* SceneDelegate.swift in Sources */ = {isa = PBXBuildFile; fileRef = 84C54DEC238EB08700D7C4A7 /* SceneDelegate.swift */; };
		84C54DF2238EB08700D7C4A7 /* Main.storyboard in Resources */ = {isa = PBXBuildFile; fileRef = 84C54DF0238EB08700D7C4A7 /* Main.storyboard */; };
		84C54DF7238EB08900D7C4A7 /* LaunchScreen.storyboard in Resources */ = {isa = PBXBuildFile; fileRef = 84C54DF5238EB08900D7C4A7 /* LaunchScreen.storyboard */; };
		84C54DFF238EB36300D7C4A7 /* Assets.xcassets in Resources */ = {isa = PBXBuildFile; fileRef = 84C54DFE238EB36300D7C4A7 /* Assets.xcassets */; };
		84E0FC3B2396A01900916540 /* MapLocations.plist in Resources */ = {isa = PBXBuildFile; fileRef = 84E0FC3A2396A01900916540 /* MapLocations.plist */; };
		84E0FC3D2396A09700916540 /* RestaurantItem.swift in Sources */ = {isa = PBXBuildFile; fileRef = 84E0FC3C2396A09700916540 /* RestaurantItem.swift */; };
		84E0FC3F2396A42400916540 /* MapDataManager.swift in Sources */ = {isa = PBXBuildFile; fileRef = 84E0FC3E2396A42400916540 /* MapDataManager.swift */; };
		84E0FC422396A58900916540 /* DataManager.swift in Sources */ = {isa = PBXBuildFile; fileRef = 84E0FC412396A58900916540 /* DataManager.swift */; };
		84E0FC442396AB8400916540 /* MapViewController.swift in Sources */ = {isa = PBXBuildFile; fileRef = 84E0FC432396AB8400916540 /* MapViewController.swift */; };
		84E0FC472396B25600916540 /* RestaurantDetail.storyboard in Resources */ = {isa = PBXBuildFile; fileRef = 84E0FC462396B25600916540 /* RestaurantDetail.storyboard */; };
		84E0FC4B2396B28800916540 /* PhotoFilter.storyboard in Resources */ = {isa = PBXBuildFile; fileRef = 84E0FC4A2396B28800916540 /* PhotoFilter.storyboard */; };
		84E0FC4D2396B29200916540 /* ReviewForm.storyboard in Resources */ = {isa = PBXBuildFile; fileRef = 84E0FC4C2396B29200916540 /* ReviewForm.storyboard */; };
		84E0FC4F2396B39800916540 /* Segue.swift in Sources */ = {isa = PBXBuildFile; fileRef = 84E0FC4E2396B39800916540 /* Segue.swift */; };
		84E0FC512396B4B900916540 /* RestaurantDetailViewController.swift in Sources */ = {isa = PBXBuildFile; fileRef = 84E0FC502396B4B900916540 /* RestaurantDetailViewController.swift */; };
		84E29C122395FE4700FA9598 /* LocationViewController.swift in Sources */ = {isa = PBXBuildFile; fileRef = 84E29C112395FE4700FA9598 /* LocationViewController.swift */; };
		84E29C142396020900FA9598 /* Locations.plist in Resources */ = {isa = PBXBuildFile; fileRef = 84E29C132396020900FA9598 /* Locations.plist */; };
		84E29C16239603F600FA9598 /* LocationDataManager.swift in Sources */ = {isa = PBXBuildFile; fileRef = 84E29C15239603F600FA9598 /* LocationDataManager.swift */; };
		84E4C86923900AC400B241E3 /* RestaurantListViewController.swift in Sources */ = {isa = PBXBuildFile; fileRef = 84E4C86823900AC400B241E3 /* RestaurantListViewController.swift */; };
		84E7F005238F52B3001F7B0D /* ExploreViewController.swift in Sources */ = {isa = PBXBuildFile; fileRef = 84E7F004238F52B3001F7B0D /* ExploreViewController.swift */; };
/* End PBXBuildFile section */

/* Begin PBXFileReference section */
		8491B5E52394A80000642EF9 /* ExploreData.plist */ = {isa = PBXFileReference; fileEncoding = 4; lastKnownFileType = text.plist.xml; path = ExploreData.plist; sourceTree = "<group>"; };
		8491B5E72394A85400642EF9 /* ExploreItem.swift */ = {isa = PBXFileReference; lastKnownFileType = sourcecode.swift; path = ExploreItem.swift; sourceTree = "<group>"; };
		8491B5E92394AA2200642EF9 /* ExploreDataManager.swift */ = {isa = PBXFileReference; lastKnownFileType = sourcecode.swift; path = ExploreDataManager.swift; sourceTree = "<group>"; };
		8491B5EC2394ACA600642EF9 /* ExploreCell.swift */ = {isa = PBXFileReference; lastKnownFileType = sourcecode.swift; path = ExploreCell.swift; sourceTree = "<group>"; };
		84C54DE7238EB08700D7C4A7 /* LetsEat.app */ = {isa = PBXFileReference; explicitFileType = wrapper.application; includeInIndex = 0; path = LetsEat.app; sourceTree = BUILT_PRODUCTS_DIR; };
		84C54DEA238EB08700D7C4A7 /* AppDelegate.swift */ = {isa = PBXFileReference; lastKnownFileType = sourcecode.swift; path = AppDelegate.swift; sourceTree = "<group>"; };
		84C54DEC238EB08700D7C4A7 /* SceneDelegate.swift */ = {isa = PBXFileReference; lastKnownFileType = sourcecode.swift; path = SceneDelegate.swift; sourceTree = "<group>"; };
		84C54DF1238EB08700D7C4A7 /* Base */ = {isa = PBXFileReference; lastKnownFileType = file.storyboard; name = Base; path = Base.lproj/Main.storyboard; sourceTree = "<group>"; };
		84C54DF6238EB08900D7C4A7 /* Base */ = {isa = PBXFileReference; lastKnownFileType = file.storyboard; name = Base; path = Base.lproj/LaunchScreen.storyboard; sourceTree = "<group>"; };
		84C54DF8238EB08900D7C4A7 /* Info.plist */ = {isa = PBXFileReference; lastKnownFileType = text.plist.xml; path = Info.plist; sourceTree = "<group>"; };
		84C54DFE238EB36300D7C4A7 /* Assets.xcassets */ = {isa = PBXFileReference; lastKnownFileType = folder.assetcatalog; path = Assets.xcassets; sourceTree = "<group>"; };
		84E0FC3A2396A01900916540 /* MapLocations.plist */ = {isa = PBXFileReference; fileEncoding = 4; lastKnownFileType = text.plist.xml; path = MapLocations.plist; sourceTree = "<group>"; };
		84E0FC3C2396A09700916540 /* RestaurantItem.swift */ = {isa = PBXFileReference; lastKnownFileType = sourcecode.swift; path = RestaurantItem.swift; sourceTree = "<group>"; };
		84E0FC3E2396A42400916540 /* MapDataManager.swift */ = {isa = PBXFileReference; lastKnownFileType = sourcecode.swift; path = MapDataManager.swift; sourceTree = "<group>"; };
		84E0FC412396A58900916540 /* DataManager.swift */ = {isa = PBXFileReference; lastKnownFileType = sourcecode.swift; path = DataManager.swift; sourceTree = "<group>"; };
		84E0FC432396AB8400916540 /* MapViewController.swift */ = {isa = PBXFileReference; lastKnownFileType = sourcecode.swift; path = MapViewController.swift; sourceTree = "<group>"; };
		84E0FC462396B25600916540 /* RestaurantDetail.storyboard */ = {isa = PBXFileReference; fileEncoding = 4; lastKnownFileType = file.storyboard; path = RestaurantDetail.storyboard; sourceTree = "<group>"; };
		84E0FC4A2396B28800916540 /* PhotoFilter.storyboard */ = {isa = PBXFileReference; fileEncoding = 4; lastKnownFileType = file.storyboard; path = PhotoFilter.storyboard; sourceTree = "<group>"; };
		84E0FC4C2396B29200916540 /* ReviewForm.storyboard */ = {isa = PBXFileReference; fileEncoding = 4; lastKnownFileType = file.storyboard; path = ReviewForm.storyboard; sourceTree = "<group>"; };
		84E0FC4E2396B39800916540 /* Segue.swift */ = {isa = PBXFileReference; lastKnownFileType = sourcecode.swift; path = Segue.swift; sourceTree = "<group>"; };
		84E0FC502396B4B900916540 /* RestaurantDetailViewController.swift */ = {isa = PBXFileReference; lastKnownFileType = sourcecode.swift; path = RestaurantDetailViewController.swift; sourceTree = "<group>"; };
		84E29C112395FE4700FA9598 /* LocationViewController.swift */ = {isa = PBXFileReference; lastKnownFileType = sourcecode.swift; path = LocationViewController.swift; sourceTree = "<group>"; };
		84E29C132396020900FA9598 /* Locations.plist */ = {isa = PBXFileReference; lastKnownFileType = text.plist.xml; path = Locations.plist; sourceTree = "<group>"; };
		84E29C15239603F600FA9598 /* LocationDataManager.swift */ = {isa = PBXFileReference; lastKnownFileType = sourcecode.swift; path = LocationDataManager.swift; sourceTree = "<group>"; };
		84E4C86823900AC400B241E3 /* RestaurantListViewController.swift */ = {isa = PBXFileReference; lastKnownFileType = sourcecode.swift; path = RestaurantListViewController.swift; sourceTree = "<group>"; };
		84E7F004238F52B3001F7B0D /* ExploreViewController.swift */ = {isa = PBXFileReference; lastKnownFileType = sourcecode.swift; path = ExploreViewController.swift; sourceTree = "<group>"; };
/* End PBXFileReference section */

/* Begin PBXFrameworksBuildPhase section */
		84C54DE4238EB08700D7C4A7 /* Frameworks */ = {
			isa = PBXFrameworksBuildPhase;
			buildActionMask = 2147483647;
			files = (
			);
			runOnlyForDeploymentPostprocessing = 0;
		};
/* End PBXFrameworksBuildPhase section */

/* Begin PBXGroup section */
		8491B5E42394A7D400642EF9 /* Model */ = {
			isa = PBXGroup;
			children = (
				8491B5E52394A80000642EF9 /* ExploreData.plist */,
				8491B5E72394A85400642EF9 /* ExploreItem.swift */,
				8491B5E92394AA2200642EF9 /* ExploreDataManager.swift */,
			);
			path = Model;
			sourceTree = "<group>";
		};
		8491B5EB2394AC6C00642EF9 /* View */ = {
			isa = PBXGroup;
			children = (
				8491B5EC2394ACA600642EF9 /* ExploreCell.swift */,
			);
			path = View;
			sourceTree = "<group>";
		};
		84C54DDE238EB08700D7C4A7 = {
			isa = PBXGroup;
			children = (
				84C54DE9238EB08700D7C4A7 /* LetsEat */,
				84C54DE8238EB08700D7C4A7 /* Products */,
			);
			sourceTree = "<group>";
		};
		84C54DE8238EB08700D7C4A7 /* Products */ = {
			isa = PBXGroup;
			children = (
				84C54DE7238EB08700D7C4A7 /* LetsEat.app */,
			);
			name = Products;
			sourceTree = "<group>";
		};
		84C54DE9238EB08700D7C4A7 /* LetsEat */ = {
			isa = PBXGroup;
			children = (
				84E0FC492396B27400916540 /* PhotoFilter */,
				84E0FC482396B26B00916540 /* ReviewForm */,
				84E0FC452396B24100916540 /* RestaurantDetail */,
				84E0FC402396A56700916540 /* Misc */,
				84E0FC3823969FCA00916540 /* Map */,
				84E29C0E2395FDC900FA9598 /* Location */,
				84E4C86723900A7A00B241E3 /* Restaurants */,
				84E7F003238F525F001F7B0D /* Explore */,
				84C54DEA238EB08700D7C4A7 /* AppDelegate.swift */,
				84C54DEC238EB08700D7C4A7 /* SceneDelegate.swift */,
				84C54DF0238EB08700D7C4A7 /* Main.storyboard */,
				84C54DFE238EB36300D7C4A7 /* Assets.xcassets */,
				84C54DF5238EB08900D7C4A7 /* LaunchScreen.storyboard */,
				84C54DF8238EB08900D7C4A7 /* Info.plist */,
			);
			path = LetsEat;
			sourceTree = "<group>";
		};
		84E0FC3823969FCA00916540 /* Map */ = {
			isa = PBXGroup;
			children = (
				84E0FC3923969FDF00916540 /* Model */,
				84E0FC432396AB8400916540 /* MapViewController.swift */,
			);
			path = Map;
			sourceTree = "<group>";
		};
		84E0FC3923969FDF00916540 /* Model */ = {
			isa = PBXGroup;
			children = (
				84E0FC3A2396A01900916540 /* MapLocations.plist */,
				84E0FC3C2396A09700916540 /* RestaurantItem.swift */,
				84E0FC3E2396A42400916540 /* MapDataManager.swift */,
			);
			path = Model;
			sourceTree = "<group>";
		};
		84E0FC402396A56700916540 /* Misc */ = {
			isa = PBXGroup;
			children = (
				84E0FC412396A58900916540 /* DataManager.swift */,
				84E0FC4E2396B39800916540 /* Segue.swift */,
			);
			path = Misc;
			sourceTree = "<group>";
		};
		84E0FC452396B24100916540 /* RestaurantDetail */ = {
			isa = PBXGroup;
			children = (
				84E0FC462396B25600916540 /* RestaurantDetail.storyboard */,
				84E0FC502396B4B900916540 /* RestaurantDetailViewController.swift */,
			);
			path = RestaurantDetail;
			sourceTree = "<group>";
		};
		84E0FC482396B26B00916540 /* ReviewForm */ = {
			isa = PBXGroup;
			children = (
				84E0FC4C2396B29200916540 /* ReviewForm.storyboard */,
			);
			path = ReviewForm;
			sourceTree = "<group>";
		};
		84E0FC492396B27400916540 /* PhotoFilter */ = {
			isa = PBXGroup;
			children = (
				84E0FC4A2396B28800916540 /* PhotoFilter.storyboard */,
			);
			path = PhotoFilter;
			sourceTree = "<group>";
		};
		84E29C0E2395FDC900FA9598 /* Location */ = {
			isa = PBXGroup;
			children = (
				84E29C102395FDF900FA9598 /* Model */,
				84E29C0F2395FDE700FA9598 /* View */,
				84E29C112395FE4700FA9598 /* LocationViewController.swift */,
			);
			path = Location;
			sourceTree = "<group>";
		};
		84E29C0F2395FDE700FA9598 /* View */ = {
			isa = PBXGroup;
			children = (
			);
			path = View;
			sourceTree = "<group>";
		};
		84E29C102395FDF900FA9598 /* Model */ = {
			isa = PBXGroup;
			children = (
				84E29C132396020900FA9598 /* Locations.plist */,
				84E29C15239603F600FA9598 /* LocationDataManager.swift */,
			);
			path = Model;
			sourceTree = "<group>";
		};
		84E4C86723900A7A00B241E3 /* Restaurants */ = {
			isa = PBXGroup;
			children = (
				84E4C86823900AC400B241E3 /* RestaurantListViewController.swift */,
			);
			path = Restaurants;
			sourceTree = "<group>";
		};
		84E7F003238F525F001F7B0D /* Explore */ = {
			isa = PBXGroup;
			children = (
				8491B5EB2394AC6C00642EF9 /* View */,
				8491B5E42394A7D400642EF9 /* Model */,
				84E7F004238F52B3001F7B0D /* ExploreViewController.swift */,
			);
			path = Explore;
			sourceTree = "<group>";
		};
/* End PBXGroup section */

/* Begin PBXNativeTarget section */
		84C54DE6238EB08700D7C4A7 /* LetsEat */ = {
			isa = PBXNativeTarget;
			buildConfigurationList = 84C54DFB238EB08900D7C4A7 /* Build configuration list for PBXNativeTarget "LetsEat" */;
			buildPhases = (
				84C54DE3238EB08700D7C4A7 /* Sources */,
				84C54DE4238EB08700D7C4A7 /* Frameworks */,
				84C54DE5238EB08700D7C4A7 /* Resources */,
			);
			buildRules = (
			);
			dependencies = (
			);
			name = LetsEat;
			productName = LetsEat;
			productReference = 84C54DE7238EB08700D7C4A7 /* LetsEat.app */;
			productType = "com.apple.product-type.application";
		};
/* End PBXNativeTarget section */

/* Begin PBXProject section */
		84C54DDF238EB08700D7C4A7 /* Project object */ = {
			isa = PBXProject;
			attributes = {
				LastSwiftUpdateCheck = 1120;
				LastUpgradeCheck = 1120;
				ORGANIZATIONNAME = MyName;
				TargetAttributes = {
					84C54DE6238EB08700D7C4A7 = {
						CreatedOnToolsVersion = 11.2.1;
					};
				};
			};
			buildConfigurationList = 84C54DE2238EB08700D7C4A7 /* Build configuration list for PBXProject "LetsEat" */;
			compatibilityVersion = "Xcode 9.3";
			developmentRegion = en;
			hasScannedForEncodings = 0;
			knownRegions = (
				en,
				Base,
			);
			mainGroup = 84C54DDE238EB08700D7C4A7;
			productRefGroup = 84C54DE8238EB08700D7C4A7 /* Products */;
			projectDirPath = "";
			projectRoot = "";
			targets = (
				84C54DE6238EB08700D7C4A7 /* LetsEat */,
			);
		};
/* End PBXProject section */

/* Begin PBXResourcesBuildPhase section */
		84C54DE5238EB08700D7C4A7 /* Resources */ = {
			isa = PBXResourcesBuildPhase;
			buildActionMask = 2147483647;
			files = (
				8491B5E62394A80000642EF9 /* ExploreData.plist in Resources */,
				84C54DF7238EB08900D7C4A7 /* LaunchScreen.storyboard in Resources */,
				84C54DFF238EB36300D7C4A7 /* Assets.xcassets in Resources */,
				84E0FC4D2396B29200916540 /* ReviewForm.storyboard in Resources */,
				84E29C142396020900FA9598 /* Locations.plist in Resources */,
				84E0FC472396B25600916540 /* RestaurantDetail.storyboard in Resources */,
				84E0FC4B2396B28800916540 /* PhotoFilter.storyboard in Resources */,
				84E0FC3B2396A01900916540 /* MapLocations.plist in Resources */,
				84C54DF2238EB08700D7C4A7 /* Main.storyboard in Resources */,
			);
			runOnlyForDeploymentPostprocessing = 0;
		};
/* End PBXResourcesBuildPhase section */

/* Begin PBXSourcesBuildPhase section */
		84C54DE3238EB08700D7C4A7 /* Sources */ = {
			isa = PBXSourcesBuildPhase;
			buildActionMask = 2147483647;
			files = (
				8491B5E82394A85400642EF9 /* ExploreItem.swift in Sources */,
				84E0FC422396A58900916540 /* DataManager.swift in Sources */,
				84E0FC3F2396A42400916540 /* MapDataManager.swift in Sources */,
				84C54DEB238EB08700D7C4A7 /* AppDelegate.swift in Sources */,
				84E4C86923900AC400B241E3 /* RestaurantListViewController.swift in Sources */,
				84E0FC4F2396B39800916540 /* Segue.swift in Sources */,
				84C54DED238EB08700D7C4A7 /* SceneDelegate.swift in Sources */,
				84E0FC512396B4B900916540 /* RestaurantDetailViewController.swift in Sources */,
				84E0FC442396AB8400916540 /* MapViewController.swift in Sources */,
				84E7F005238F52B3001F7B0D /* ExploreViewController.swift in Sources */,
				8491B5EA2394AA2200642EF9 /* ExploreDataManager.swift in Sources */,
				8491B5ED2394ACA600642EF9 /* ExploreCell.swift in Sources */,
				84E0FC3D2396A09700916540 /* RestaurantItem.swift in Sources */,
				84E29C16239603F600FA9598 /* LocationDataManager.swift in Sources */,
				84E29C122395FE4700FA9598 /* LocationViewController.swift in Sources */,
			);
			runOnlyForDeploymentPostprocessing = 0;
		};
/* End PBXSourcesBuildPhase section */

/* Begin PBXVariantGroup section */
		84C54DF0238EB08700D7C4A7 /* Main.storyboard */ = {
			isa = PBXVariantGroup;
			children = (
				84C54DF1238EB08700D7C4A7 /* Base */,
			);
			name = Main.storyboard;
			sourceTree = "<group>";
		};
		84C54DF5238EB08900D7C4A7 /* LaunchScreen.storyboard */ = {
			isa = PBXVariantGroup;
			children = (
				84C54DF6238EB08900D7C4A7 /* Base */,
			);
			name = LaunchScreen.storyboard;
			sourceTree = "<group>";
		};
/* End PBXVariantGroup section */

/* Begin XCBuildConfiguration section */
		84C54DF9238EB08900D7C4A7 /* Debug */ = {
			isa = XCBuildConfiguration;
			buildSettings = {
				ALWAYS_SEARCH_USER_PATHS = NO;
				CLANG_ANALYZER_NONNULL = YES;
				CLANG_ANALYZER_NUMBER_OBJECT_CONVERSION = YES_AGGRESSIVE;
				CLANG_CXX_LANGUAGE_STANDARD = "gnu++14";
				CLANG_CXX_LIBRARY = "libc++";
				CLANG_ENABLE_MODULES = YES;
				CLANG_ENABLE_OBJC_ARC = YES;
				CLANG_ENABLE_OBJC_WEAK = YES;
				CLANG_WARN_BLOCK_CAPTURE_AUTORELEASING = YES;
				CLANG_WARN_BOOL_CONVERSION = YES;
				CLANG_WARN_COMMA = YES;
				CLANG_WARN_CONSTANT_CONVERSION = YES;
				CLANG_WARN_DEPRECATED_OBJC_IMPLEMENTATIONS = YES;
				CLANG_WARN_DIRECT_OBJC_ISA_USAGE = YES_ERROR;
				CLANG_WARN_DOCUMENTATION_COMMENTS = YES;
				CLANG_WARN_EMPTY_BODY = YES;
				CLANG_WARN_ENUM_CONVERSION = YES;
				CLANG_WARN_INFINITE_RECURSION = YES;
				CLANG_WARN_INT_CONVERSION = YES;
				CLANG_WARN_NON_LITERAL_NULL_CONVERSION = YES;
				CLANG_WARN_OBJC_IMPLICIT_RETAIN_SELF = YES;
				CLANG_WARN_OBJC_LITERAL_CONVERSION = YES;
				CLANG_WARN_OBJC_ROOT_CLASS = YES_ERROR;
				CLANG_WARN_RANGE_LOOP_ANALYSIS = YES;
				CLANG_WARN_STRICT_PROTOTYPES = YES;
				CLANG_WARN_SUSPICIOUS_MOVE = YES;
				CLANG_WARN_UNGUARDED_AVAILABILITY = YES_AGGRESSIVE;
				CLANG_WARN_UNREACHABLE_CODE = YES;
				CLANG_WARN__DUPLICATE_METHOD_MATCH = YES;
				COPY_PHASE_STRIP = NO;
				DEBUG_INFORMATION_FORMAT = dwarf;
				ENABLE_STRICT_OBJC_MSGSEND = YES;
				ENABLE_TESTABILITY = YES;
				GCC_C_LANGUAGE_STANDARD = gnu11;
				GCC_DYNAMIC_NO_PIC = NO;
				GCC_NO_COMMON_BLOCKS = YES;
				GCC_OPTIMIZATION_LEVEL = 0;
				GCC_PREPROCESSOR_DEFINITIONS = (
					"DEBUG=1",
					"$(inherited)",
				);
				GCC_WARN_64_TO_32_BIT_CONVERSION = YES;
				GCC_WARN_ABOUT_RETURN_TYPE = YES_ERROR;
				GCC_WARN_UNDECLARED_SELECTOR = YES;
				GCC_WARN_UNINITIALIZED_AUTOS = YES_AGGRESSIVE;
				GCC_WARN_UNUSED_FUNCTION = YES;
				GCC_WARN_UNUSED_VARIABLE = YES;
				IPHONEOS_DEPLOYMENT_TARGET = 13.2;
				MTL_ENABLE_DEBUG_INFO = INCLUDE_SOURCE;
				MTL_FAST_MATH = YES;
				ONLY_ACTIVE_ARCH = YES;
				SDKROOT = iphoneos;
				SWIFT_ACTIVE_COMPILATION_CONDITIONS = DEBUG;
				SWIFT_OPTIMIZATION_LEVEL = "-Onone";
			};
			name = Debug;
		};
		84C54DFA238EB08900D7C4A7 /* Release */ = {
			isa = XCBuildConfiguration;
			buildSettings = {
				ALWAYS_SEARCH_USER_PATHS = NO;
				CLANG_ANALYZER_NONNULL = YES;
				CLANG_ANALYZER_NUMBER_OBJECT_CONVERSION = YES_AGGRESSIVE;
				CLANG_CXX_LANGUAGE_STANDARD = "gnu++14";
				CLANG_CXX_LIBRARY = "libc++";
				CLANG_ENABLE_MODULES = YES;
				CLANG_ENABLE_OBJC_ARC = YES;
				CLANG_ENABLE_OBJC_WEAK = YES;
				CLANG_WARN_BLOCK_CAPTURE_AUTORELEASING = YES;
				CLANG_WARN_BOOL_CONVERSION = YES;
				CLANG_WARN_COMMA = YES;
				CLANG_WARN_CONSTANT_CONVERSION = YES;
				CLANG_WARN_DEPRECATED_OBJC_IMPLEMENTATIONS = YES;
				CLANG_WARN_DIRECT_OBJC_ISA_USAGE = YES_ERROR;
				CLANG_WARN_DOCUMENTATION_COMMENTS = YES;
				CLANG_WARN_EMPTY_BODY = YES;
				CLANG_WARN_ENUM_CONVERSION = YES;
				CLANG_WARN_INFINITE_RECURSION = YES;
				CLANG_WARN_INT_CONVERSION = YES;
				CLANG_WARN_NON_LITERAL_NULL_CONVERSION = YES;
				CLANG_WARN_OBJC_IMPLICIT_RETAIN_SELF = YES;
				CLANG_WARN_OBJC_LITERAL_CONVERSION = YES;
				CLANG_WARN_OBJC_ROOT_CLASS = YES_ERROR;
				CLANG_WARN_RANGE_LOOP_ANALYSIS = YES;
				CLANG_WARN_STRICT_PROTOTYPES = YES;
				CLANG_WARN_SUSPICIOUS_MOVE = YES;
				CLANG_WARN_UNGUARDED_AVAILABILITY = YES_AGGRESSIVE;
				CLANG_WARN_UNREACHABLE_CODE = YES;
				CLANG_WARN__DUPLICATE_METHOD_MATCH = YES;
				COPY_PHASE_STRIP = NO;
				DEBUG_INFORMATION_FORMAT = "dwarf-with-dsym";
				ENABLE_NS_ASSERTIONS = NO;
				ENABLE_STRICT_OBJC_MSGSEND = YES;
				GCC_C_LANGUAGE_STANDARD = gnu11;
				GCC_NO_COMMON_BLOCKS = YES;
				GCC_WARN_64_TO_32_BIT_CONVERSION = YES;
				GCC_WARN_ABOUT_RETURN_TYPE = YES_ERROR;
				GCC_WARN_UNDECLARED_SELECTOR = YES;
				GCC_WARN_UNINITIALIZED_AUTOS = YES_AGGRESSIVE;
				GCC_WARN_UNUSED_FUNCTION = YES;
				GCC_WARN_UNUSED_VARIABLE = YES;
				IPHONEOS_DEPLOYMENT_TARGET = 13.2;
				MTL_ENABLE_DEBUG_INFO = NO;
				MTL_FAST_MATH = YES;
				SDKROOT = iphoneos;
				SWIFT_COMPILATION_MODE = wholemodule;
				SWIFT_OPTIMIZATION_LEVEL = "-O";
				VALIDATE_PRODUCT = YES;
			};
			name = Release;
		};
		84C54DFC238EB08900D7C4A7 /* Debug */ = {
			isa = XCBuildConfiguration;
			buildSettings = {
				ASSETCATALOG_COMPILER_APPICON_NAME = AppIcon;
				CODE_SIGN_STYLE = Automatic;
				INFOPLIST_FILE = LetsEat/Info.plist;
				LD_RUNPATH_SEARCH_PATHS = (
					"$(inherited)",
					"@executable_path/Frameworks",
				);
				PRODUCT_BUNDLE_IDENTIFIER = com.myname.LetsEat;
				PRODUCT_NAME = "$(TARGET_NAME)";
				SWIFT_VERSION = 5.0;
				TARGETED_DEVICE_FAMILY = "1,2";
			};
			name = Debug;
		};
		84C54DFD238EB08900D7C4A7 /* Release */ = {
			isa = XCBuildConfiguration;
			buildSettings = {
				ASSETCATALOG_COMPILER_APPICON_NAME = AppIcon;
				CODE_SIGN_STYLE = Automatic;
				INFOPLIST_FILE = LetsEat/Info.plist;
				LD_RUNPATH_SEARCH_PATHS = (
					"$(inherited)",
					"@executable_path/Frameworks",
				);
				PRODUCT_BUNDLE_IDENTIFIER = com.myname.LetsEat;
				PRODUCT_NAME = "$(TARGET_NAME)";
				SWIFT_VERSION = 5.0;
				TARGETED_DEVICE_FAMILY = "1,2";
			};
			name = Release;
		};
/* End XCBuildConfiguration section */

/* Begin XCConfigurationList section */
		84C54DE2238EB08700D7C4A7 /* Build configuration list for PBXProject "LetsEat" */ = {
			isa = XCConfigurationList;
			buildConfigurations = (
				84C54DF9238EB08900D7C4A7 /* Debug */,
				84C54DFA238EB08900D7C4A7 /* Release */,
			);
			defaultConfigurationIsVisible = 0;
			defaultConfigurationName = Release;
		};
		84C54DFB238EB08900D7C4A7 /* Build configuration list for PBXNativeTarget "LetsEat" */ = {
			isa = XCConfigurationList;
			buildConfigurations = (
				84C54DFC238EB08900D7C4A7 /* Debug */,
				84C54DFD238EB08900D7C4A7 /* Release */,
			);
			defaultConfigurationIsVisible = 0;
			defaultConfigurationName = Release;
		};
/* End XCConfigurationList section */
	};
	rootObject = 84C54DDF238EB08700D7C4A7 /* Project object */;
}
