// !$*UTF8*$!
{
	archiveVersion = 1;
	classes = {
	};
	objectVersion = 50;
	objects = {

/* Begin PBXBuildFile section */
		84D65CAA239B47DF003C6403 /* AppDelegate.swift in Sources */ = {isa = PBXBuildFile; fileRef = 84D65CA9239B47DF003C6403 /* AppDelegate.swift */; };
		84D65CAC239B47DF003C6403 /* SceneDelegate.swift in Sources */ = {isa = PBXBuildFile; fileRef = 84D65CAB239B47DF003C6403 /* SceneDelegate.swift */; };
		84D65CAE239B47DF003C6403 /* ContentView.swift in Sources */ = {isa = PBXBuildFile; fileRef = 84D65CAD239B47DF003C6403 /* ContentView.swift */; };
		84D65CB0239B47E0003C6403 /* Assets.xcassets in Resources */ = {isa = PBXBuildFile; fileRef = 84D65CAF239B47E0003C6403 /* Assets.xcassets */; };
		84D65CB3239B47E0003C6403 /* Preview Assets.xcassets in Resources */ = {isa = PBXBuildFile; fileRef = 84D65CB2239B47E0003C6403 /* Preview Assets.xcassets */; };
		84D65CB6239B47E0003C6403 /* LaunchScreen.storyboard in Resources */ = {isa = PBXBuildFile; fileRef = 84D65CB4239B47E0003C6403 /* LaunchScreen.storyboard */; };
		84D65CBE239B4B47003C6403 /* CircleImage.swift in Sources */ = {isa = PBXBuildFile; fileRef = 84D65CBD239B4B47003C6403 /* CircleImage.swift */; };
		84D65CC0239B4C00003C6403 /* MapView.swift in Sources */ = {isa = PBXBuildFile; fileRef = 84D65CBF239B4C00003C6403 /* MapView.swift */; };
/* End PBXBuildFile section */

/* Begin PBXFileReference section */
		84D65CA6239B47DF003C6403 /* LetsEatSwiftUI.app */ = {isa = PBXFileReference; explicitFileType = wrapper.application; includeInIndex = 0; path = LetsEatSwiftUI.app; sourceTree = BUILT_PRODUCTS_DIR; };
		84D65CA9239B47DF003C6403 /* AppDelegate.swift */ = {isa = PBXFileReference; lastKnownFileType = sourcecode.swift; path = AppDelegate.swift; sourceTree = "<group>"; };
		84D65CAB239B47DF003C6403 /* SceneDelegate.swift */ = {isa = PBXFileReference; lastKnownFileType = sourcecode.swift; path = SceneDelegate.swift; sourceTree = "<group>"; };
		84D65CAD239B47DF003C6403 /* ContentView.swift */ = {isa = PBXFileReference; lastKnownFileType = sourcecode.swift; path = ContentView.swift; sourceTree = "<group>"; };
		84D65CAF239B47E0003C6403 /* Assets.xcassets */ = {isa = PBXFileReference; lastKnownFileType = folder.assetcatalog; path = Assets.xcassets; sourceTree = "<group>"; };
		84D65CB2239B47E0003C6403 /* Preview Assets.xcassets */ = {isa = PBXFileReference; lastKnownFileType = folder.assetcatalog; path = "Preview Assets.xcassets"; sourceTree = "<group>"; };
		84D65CB5239B47E0003C6403 /* Base */ = {isa = PBXFileReference; lastKnownFileType = file.storyboard; name = Base; path = Base.lproj/LaunchScreen.storyboard; sourceTree = "<group>"; };
		84D65CB7239B47E0003C6403 /* Info.plist */ = {isa = PBXFileReference; lastKnownFileType = text.plist.xml; path = Info.plist; sourceTree = "<group>"; };
		84D65CBD239B4B47003C6403 /* CircleImage.swift */ = {isa = PBXFileReference; lastKnownFileType = sourcecode.swift; path = CircleImage.swift; sourceTree = "<group>"; };
		84D65CBF239B4C00003C6403 /* MapView.swift */ = {isa = PBXFileReference; lastKnownFileType = sourcecode.swift; path = MapView.swift; sourceTree = "<group>"; };
/* End PBXFileReference section */

/* Begin PBXFrameworksBuildPhase section */
		84D65CA3239B47DF003C6403 /* Frameworks */ = {
			isa = PBXFrameworksBuildPhase;
			buildActionMask = 2147483647;
			files = (
			);
			runOnlyForDeploymentPostprocessing = 0;
		};
/* End PBXFrameworksBuildPhase section */

/* Begin PBXGroup section */
		84D65C9D239B47DF003C6403 = {
			isa = PBXGroup;
			children = (
				84D65CA8239B47DF003C6403 /* LetsEatSwiftUI */,
				84D65CA7239B47DF003C6403 /* Products */,
			);
			sourceTree = "<group>";
		};
		84D65CA7239B47DF003C6403 /* Products */ = {
			isa = PBXGroup;
			children = (
				84D65CA6239B47DF003C6403 /* LetsEatSwiftUI.app */,
			);
			name = Products;
			sourceTree = "<group>";
		};
		84D65CA8239B47DF003C6403 /* LetsEatSwiftUI */ = {
			isa = PBXGroup;
			children = (
				84D65CA9239B47DF003C6403 /* AppDelegate.swift */,
				84D65CAB239B47DF003C6403 /* SceneDelegate.swift */,
				84D65CAD239B47DF003C6403 /* ContentView.swift */,
				84D65CAF239B47E0003C6403 /* Assets.xcassets */,
				84D65CBD239B4B47003C6403 /* CircleImage.swift */,
				84D65CBF239B4C00003C6403 /* MapView.swift */,
				84D65CB4239B47E0003C6403 /* LaunchScreen.storyboard */,
				84D65CB7239B47E0003C6403 /* Info.plist */,
				84D65CB1239B47E0003C6403 /* Preview Content */,
			);
			path = LetsEatSwiftUI;
			sourceTree = "<group>";
		};
		84D65CB1239B47E0003C6403 /* Preview Content */ = {
			isa = PBXGroup;
			children = (
				84D65CB2239B47E0003C6403 /* Preview Assets.xcassets */,
			);
			path = "Preview Content";
			sourceTree = "<group>";
		};
/* End PBXGroup section */

/* Begin PBXNativeTarget section */
		84D65CA5239B47DF003C6403 /* LetsEatSwiftUI */ = {
			isa = PBXNativeTarget;
			buildConfigurationList = 84D65CBA239B47E0003C6403 /* Build configuration list for PBXNativeTarget "LetsEatSwiftUI" */;
			buildPhases = (
				84D65CA2239B47DF003C6403 /* Sources */,
				84D65CA3239B47DF003C6403 /* Frameworks */,
				84D65CA4239B47DF003C6403 /* Resources */,
			);
			buildRules = (
			);
			dependencies = (
			);
			name = LetsEatSwiftUI;
			productName = LetsEatSwiftUI;
			productReference = 84D65CA6239B47DF003C6403 /* LetsEatSwiftUI.app */;
			productType = "com.apple.product-type.application";
		};
/* End PBXNativeTarget section */

/* Begin PBXProject section */
		84D65C9E239B47DF003C6403 /* Project object */ = {
			isa = PBXProject;
			attributes = {
				LastSwiftUpdateCheck = 1120;
				LastUpgradeCheck = 1120;
				ORGANIZATIONNAME = MyName;
				TargetAttributes = {
					84D65CA5239B47DF003C6403 = {
						CreatedOnToolsVersion = 11.2.1;
					};
				};
			};
			buildConfigurationList = 84D65CA1239B47DF003C6403 /* Build configuration list for PBXProject "LetsEatSwiftUI" */;
			compatibilityVersion = "Xcode 9.3";
			developmentRegion = en;
			hasScannedForEncodings = 0;
			knownRegions = (
				en,
				Base,
			);
			mainGroup = 84D65C9D239B47DF003C6403;
			productRefGroup = 84D65CA7239B47DF003C6403 /* Products */;
			projectDirPath = "";
			projectRoot = "";
			targets = (
				84D65CA5239B47DF003C6403 /* LetsEatSwiftUI */,
			);
		};
/* End PBXProject section */

/* Begin PBXResourcesBuildPhase section */
		84D65CA4239B47DF003C6403 /* Resources */ = {
			isa = PBXResourcesBuildPhase;
			buildActionMask = 2147483647;
			files = (
				84D65CB6239B47E0003C6403 /* LaunchScreen.storyboard in Resources */,
				84D65CB3239B47E0003C6403 /* Preview Assets.xcassets in Resources */,
				84D65CB0239B47E0003C6403 /* Assets.xcassets in Resources */,
			);
			runOnlyForDeploymentPostprocessing = 0;
		};
/* End PBXResourcesBuildPhase section */

/* Begin PBXSourcesBuildPhase section */
		84D65CA2239B47DF003C6403 /* Sources */ = {
			isa = PBXSourcesBuildPhase;
			buildActionMask = 2147483647;
			files = (
				84D65CAA239B47DF003C6403 /* AppDelegate.swift in Sources */,
				84D65CBE239B4B47003C6403 /* CircleImage.swift in Sources */,
				84D65CC0239B4C00003C6403 /* MapView.swift in Sources */,
				84D65CAC239B47DF003C6403 /* SceneDelegate.swift in Sources */,
				84D65CAE239B47DF003C6403 /* ContentView.swift in Sources */,
			);
			runOnlyForDeploymentPostprocessing = 0;
		};
/* End PBXSourcesBuildPhase section */

/* Begin PBXVariantGroup section */
		84D65CB4239B47E0003C6403 /* LaunchScreen.storyboard */ = {
			isa = PBXVariantGroup;
			children = (
				84D65CB5239B47E0003C6403 /* Base */,
			);
			name = LaunchScreen.storyboard;
			sourceTree = "<group>";
		};
/* End PBXVariantGroup section */

/* Begin XCBuildConfiguration section */
		84D65CB8239B47E0003C6403 /* Debug */ = {
			isa = XCBuildConfiguration;
			buildSettings = {
				ALWAYS_SEARCH_USER_PATHS = NO;
				CLANG_ANALYZER_NONNULL = YES;
				CLANG_ANALYZER_NUMBER_OBJECT_CONVERSION = YES_AGGRESSIVE;
				CLANG_CXX_LANGUAGE_STANDARD = "gnu++14";
				CLANG_CXX_LIBRARY = "libc++";
				CLANG_ENABLE_MODULES = YES;
				CLANG_ENABLE_OBJC_ARC = YES;
				CLANG_ENABLE_OBJC_WEAK = YES;
				CLANG_WARN_BLOCK_CAPTURE_AUTORELEASING = YES;
				CLANG_WARN_BOOL_CONVERSION = YES;
				CLANG_WARN_COMMA = YES;
				CLANG_WARN_CONSTANT_CONVERSION = YES;
				CLANG_WARN_DEPRECATED_OBJC_IMPLEMENTATIONS = YES;
				CLANG_WARN_DIRECT_OBJC_ISA_USAGE = YES_ERROR;
				CLANG_WARN_DOCUMENTATION_COMMENTS = YES;
				CLANG_WARN_EMPTY_BODY = YES;
				CLANG_WARN_ENUM_CONVERSION = YES;
				CLANG_WARN_INFINITE_RECURSION = YES;
				CLANG_WARN_INT_CONVERSION = YES;
				CLANG_WARN_NON_LITERAL_NULL_CONVERSION = YES;
				CLANG_WARN_OBJC_IMPLICIT_RETAIN_SELF = YES;
				CLANG_WARN_OBJC_LITERAL_CONVERSION = YES;
				CLANG_WARN_OBJC_ROOT_CLASS = YES_ERROR;
				CLANG_WARN_RANGE_LOOP_ANALYSIS = YES;
				CLANG_WARN_STRICT_PROTOTYPES = YES;
				CLANG_WARN_SUSPICIOUS_MOVE = YES;
				CLANG_WARN_UNGUARDED_AVAILABILITY = YES_AGGRESSIVE;
				CLANG_WARN_UNREACHABLE_CODE = YES;
				CLANG_WARN__DUPLICATE_METHOD_MATCH = YES;
				COPY_PHASE_STRIP = NO;
				DEBUG_INFORMATION_FORMAT = dwarf;
				ENABLE_STRICT_OBJC_MSGSEND = YES;
				ENABLE_TESTABILITY = YES;
				GCC_C_LANGUAGE_STANDARD = gnu11;
				GCC_DYNAMIC_NO_PIC = NO;
				GCC_NO_COMMON_BLOCKS = YES;
				GCC_OPTIMIZATION_LEVEL = 0;
				GCC_PREPROCESSOR_DEFINITIONS = (
					"DEBUG=1",
					"$(inherited)",
				);
				GCC_WARN_64_TO_32_BIT_CONVERSION = YES;
				GCC_WARN_ABOUT_RETURN_TYPE = YES_ERROR;
				GCC_WARN_UNDECLARED_SELECTOR = YES;
				GCC_WARN_UNINITIALIZED_AUTOS = YES_AGGRESSIVE;
				GCC_WARN_UNUSED_FUNCTION = YES;
				GCC_WARN_UNUSED_VARIABLE = YES;
				IPHONEOS_DEPLOYMENT_TARGET = 13.2;
				MTL_ENABLE_DEBUG_INFO = INCLUDE_SOURCE;
				MTL_FAST_MATH = YES;
				ONLY_ACTIVE_ARCH = YES;
				SDKROOT = iphoneos;
				SWIFT_ACTIVE_COMPILATION_CONDITIONS = DEBUG;
				SWIFT_OPTIMIZATION_LEVEL = "-Onone";
			};
			name = Debug;
		};
		84D65CB9239B47E0003C6403 /* Release */ = {
			isa = XCBuildConfiguration;
			buildSettings = {
				ALWAYS_SEARCH_USER_PATHS = NO;
				CLANG_ANALYZER_NONNULL = YES;
				CLANG_ANALYZER_NUMBER_OBJECT_CONVERSION = YES_AGGRESSIVE;
				CLANG_CXX_LANGUAGE_STANDARD = "gnu++14";
				CLANG_CXX_LIBRARY = "libc++";
				CLANG_ENABLE_MODULES = YES;
				CLANG_ENABLE_OBJC_ARC = YES;
				CLANG_ENABLE_OBJC_WEAK = YES;
				CLANG_WARN_BLOCK_CAPTURE_AUTORELEASING = YES;
				CLANG_WARN_BOOL_CONVERSION = YES;
				CLANG_WARN_COMMA = YES;
				CLANG_WARN_CONSTANT_CONVERSION = YES;
				CLANG_WARN_DEPRECATED_OBJC_IMPLEMENTATIONS = YES;
				CLANG_WARN_DIRECT_OBJC_ISA_USAGE = YES_ERROR;
				CLANG_WARN_DOCUMENTATION_COMMENTS = YES;
				CLANG_WARN_EMPTY_BODY = YES;
				CLANG_WARN_ENUM_CONVERSION = YES;
				CLANG_WARN_INFINITE_RECURSION = YES;
				CLANG_WARN_INT_CONVERSION = YES;
				CLANG_WARN_NON_LITERAL_NULL_CONVERSION = YES;
				CLANG_WARN_OBJC_IMPLICIT_RETAIN_SELF = YES;
				CLANG_WARN_OBJC_LITERAL_CONVERSION = YES;
				CLANG_WARN_OBJC_ROOT_CLASS = YES_ERROR;
				CLANG_WARN_RANGE_LOOP_ANALYSIS = YES;
				CLANG_WARN_STRICT_PROTOTYPES = YES;
				CLANG_WARN_SUSPICIOUS_MOVE = YES;
				CLANG_WARN_UNGUARDED_AVAILABILITY = YES_AGGRESSIVE;
				CLANG_WARN_UNREACHABLE_CODE = YES;
				CLANG_WARN__DUPLICATE_METHOD_MATCH = YES;
				COPY_PHASE_STRIP = NO;
				DEBUG_INFORMATION_FORMAT = "dwarf-with-dsym";
				ENABLE_NS_ASSERTIONS = NO;
				ENABLE_STRICT_OBJC_MSGSEND = YES;
				GCC_C_LANGUAGE_STANDARD = gnu11;
				GCC_NO_COMMON_BLOCKS = YES;
				GCC_WARN_64_TO_32_BIT_CONVERSION = YES;
				GCC_WARN_ABOUT_RETURN_TYPE = YES_ERROR;
				GCC_WARN_UNDECLARED_SELECTOR = YES;
				GCC_WARN_UNINITIALIZED_AUTOS = YES_AGGRESSIVE;
				GCC_WARN_UNUSED_FUNCTION = YES;
				GCC_WARN_UNUSED_VARIABLE = YES;
				IPHONEOS_DEPLOYMENT_TARGET = 13.2;
				MTL_ENABLE_DEBUG_INFO = NO;
				MTL_FAST_MATH = YES;
				SDKROOT = iphoneos;
				SWIFT_COMPILATION_MODE = wholemodule;
				SWIFT_OPTIMIZATION_LEVEL = "-O";
				VALIDATE_PRODUCT = YES;
			};
			name = Release;
		};
		84D65CBB239B47E0003C6403 /* Debug */ = {
			isa = XCBuildConfiguration;
			buildSettings = {
				ASSETCATALOG_COMPILER_APPICON_NAME = AppIcon;
				CODE_SIGN_STYLE = Automatic;
				DEVELOPMENT_ASSET_PATHS = "\"LetsEatSwiftUI/Preview Content\"";
				ENABLE_PREVIEWS = YES;
				INFOPLIST_FILE = LetsEatSwiftUI/Info.plist;
				LD_RUNPATH_SEARCH_PATHS = (
					"$(inherited)",
					"@executable_path/Frameworks",
				);
				PRODUCT_BUNDLE_IDENTIFIER = com.myname.LetsEatSwiftUI;
				PRODUCT_NAME = "$(TARGET_NAME)";
				SWIFT_VERSION = 5.0;
				TARGETED_DEVICE_FAMILY = "1,2";
			};
			name = Debug;
		};
		84D65CBC239B47E0003C6403 /* Release */ = {
			isa = XCBuildConfiguration;
			buildSettings = {
				ASSETCATALOG_COMPILER_APPICON_NAME = AppIcon;
				CODE_SIGN_STYLE = Automatic;
				DEVELOPMENT_ASSET_PATHS = "\"LetsEatSwiftUI/Preview Content\"";
				ENABLE_PREVIEWS = YES;
				INFOPLIST_FILE = LetsEatSwiftUI/Info.plist;
				LD_RUNPATH_SEARCH_PATHS = (
					"$(inherited)",
					"@executable_path/Frameworks",
				);
				PRODUCT_BUNDLE_IDENTIFIER = com.myname.LetsEatSwiftUI;
				PRODUCT_NAME = "$(TARGET_NAME)";
				SWIFT_VERSION = 5.0;
				TARGETED_DEVICE_FAMILY = "1,2";
			};
			name = Release;
		};
/* End XCBuildConfiguration section */

/* Begin XCConfigurationList section */
		84D65CA1239B47DF003C6403 /* Build configuration list for PBXProject "LetsEatSwiftUI" */ = {
			isa = XCConfigurationList;
			buildConfigurations = (
				84D65CB8239B47E0003C6403 /* Debug */,
				84D65CB9239B47E0003C6403 /* Release */,
			);
			defaultConfigurationIsVisible = 0;
			defaultConfigurationName = Release;
		};
		84D65CBA239B47E0003C6403 /* Build configuration list for PBXNativeTarget "LetsEatSwiftUI" */ = {
			isa = XCConfigurationList;
			buildConfigurations = (
				84D65CBB239B47E0003C6403 /* Debug */,
				84D65CBC239B47E0003C6403 /* Release */,
			);
			defaultConfigurationIsVisible = 0;
			defaultConfigurationName = Release;
		};
/* End XCConfigurationList section */
	};
	rootObject = 84D65C9E239B47DF003C6403 /* Project object */;
}
